
Microsoft Visual Studio Solution File, Format Version 12.00
# Visual Studio Version 17
VisualStudioVersion = 17.3.32922.545
MinimumVisualStudioVersion = 10.0.40219.1
Project("{FAE04EC0-301F-11D3-BF4B-00C04F79EFBC}") = "ConsoleApp1.2", "ConsoleApp1.2\ConsoleApp1.2.csproj", "{D3716986-0402-4465-B576-6252487BBB24}"
EndProject
Global
	GlobalSection(SolutionConfigurationPlatforms) = preSolution
		Debug|Any CPU = Debug|Any CPU
		Release|Any CPU = Release|Any CPU
	EndGlobalSection
	GlobalSection(ProjectConfigurationPlatforms) = postSolution
		{D3716986-0402-4465-B576-6252487BBB24}.Debug|Any CPU.ActiveCfg = Debug|Any CPU
		{D3716986-0402-4465-B576-6252487BBB24}.Debug|Any CPU.Build.0 = Debug|Any CPU
		{D3716986-0402-4465-B576-6252487BBB24}.Release|Any CPU.ActiveCfg = Release|Any CPU
		{D3716986-0402-4465-B576-6252487BBB24}.Release|Any CPU.Build.0 = Release|Any CPU
	EndGlobalSection
	GlobalSection(SolutionProperties) = preSolution
		HideSolutionNode = FALSE
	EndGlobalSection
	GlobalSection(ExtensibilityGlobals) = postSolution
		SolutionGuid = {2083BC1B-57F6-416A-80D7-5E7B3528E247}
	EndGlobalSection
EndGlobal
